
Microsoft Visual Studio Solution File, Format Version 12.00
# Visual Studio 15
VisualStudioVersion = 15.0.28307.1062
MinimumVisualStudioVersion = 10.0.40219.1
Project("{8BC9CEB8-8B4A-11D0-8D11-00A0C91BC942}") = "第三周课堂实验(date0310)", "第三周课堂实验(date0310)\第三周课堂实验(date0310).vcxproj", "{388BFA1C-D3CD-498B-AE68-2FA7F54F4099}"
EndProject
Global
	GlobalSection(SolutionConfigurationPlatforms) = preSolution
		Debug|x64 = Debug|x64
		Debug|x86 = Debug|x86
		Release|x64 = Release|x64
		Release|x86 = Release|x86
	EndGlobalSection
	GlobalSection(ProjectConfigurationPlatforms) = postSolution
		{388BFA1C-D3CD-498B-AE68-2FA7F54F4099}.Debug|x64.ActiveCfg = Debug|x64
		{388BFA1C-D3CD-498B-AE68-2FA7F54F4099}.Debug|x64.Build.0 = Debug|x64
		{388BFA1C-D3CD-498B-AE68-2FA7F54F4099}.Debug|x86.ActiveCfg = Debug|Win32
		{388BFA1C-D3CD-498B-AE68-2FA7F54F4099}.Debug|x86.Build.0 = Debug|Win32
		{388BFA1C-D3CD-498B-AE68-2FA7F54F4099}.Release|x64.ActiveCfg = Release|x64
		{388BFA1C-D3CD-498B-AE68-2FA7F54F4099}.Release|x64.Build.0 = Release|x64
		{388BFA1C-D3CD-498B-AE68-2FA7F54F4099}.Release|x86.ActiveCfg = Release|Win32
		{388BFA1C-D3CD-498B-AE68-2FA7F54F4099}.Release|x86.Build.0 = Release|Win32
	EndGlobalSection
	GlobalSection(SolutionProperties) = preSolution
		HideSolutionNode = FALSE
	EndGlobalSection
	GlobalSection(ExtensibilityGlobals) = postSolution
		SolutionGuid = {EF6B9B58-3714-4EC3-871C-0E793C02BA69}
	EndGlobalSection
EndGlobal
